{
    "version": 3,
    "terraform_version": "0.11.11",
    "serial": 9,
    "lineage": "d71112b1-8a40-3407-9b54-634e752b1c04",
    "modules": [
        {
            "path": [
                "root"
            ],
            "outputs": {},
            "resources": {
                "aws_instance.loki-ec2": {
                    "type": "aws_instance",
                    "depends_on": [],
                    "primary": {
                        "id": "i-008bdcd511824e76a",
                        "attributes": {
                            "ami": "ami-396a1640",
                            "arn": "arn:aws:ec2:eu-west-1:919061541402:instance/i-008bdcd511824e76a",
                            "associate_public_ip_address": "false",
                            "availability_zone": "eu-west-1a",
                            "cpu_core_count": "1",
                            "cpu_threads_per_core": "1",
                            "credit_specification.#": "1",
                            "credit_specification.0.cpu_credits": "standard",
                            "disable_api_termination": "false",
                            "ebs_block_device.#": "6",
                            "ebs_block_device.1062852270.delete_on_termination": "false",
                            "ebs_block_device.1062852270.device_name": "/dev/xvdk",
                            "ebs_block_device.1062852270.encrypted": "true",
                            "ebs_block_device.1062852270.iops": "100",
                            "ebs_block_device.1062852270.snapshot_id": "snap-0f4e14a45104a234c",
                            "ebs_block_device.1062852270.volume_id": "vol-05219f0c0588e1a2e",
                            "ebs_block_device.1062852270.volume_size": "10",
                            "ebs_block_device.1062852270.volume_type": "gp2",
                            "ebs_block_device.1145028969.delete_on_termination": "false",
                            "ebs_block_device.1145028969.device_name": "/dev/xvdh",
                            "ebs_block_device.1145028969.encrypted": "true",
                            "ebs_block_device.1145028969.iops": "100",
                            "ebs_block_device.1145028969.snapshot_id": "snap-06c274f59eb6f9570",
                            "ebs_block_device.1145028969.volume_id": "vol-035939a85ba0ca582",
                            "ebs_block_device.1145028969.volume_size": "15",
                            "ebs_block_device.1145028969.volume_type": "gp2",
                            "ebs_block_device.2402930219.delete_on_termination": "false",
                            "ebs_block_device.2402930219.device_name": "/dev/xvdg",
                            "ebs_block_device.2402930219.encrypted": "true",
                            "ebs_block_device.2402930219.iops": "100",
                            "ebs_block_device.2402930219.snapshot_id": "snap-0f07830d78ca45679",
                            "ebs_block_device.2402930219.volume_id": "vol-0bfa839fb8bdf7604",
                            "ebs_block_device.2402930219.volume_size": "15",
                            "ebs_block_device.2402930219.volume_type": "gp2",
                            "ebs_block_device.4018178267.delete_on_termination": "false",
                            "ebs_block_device.4018178267.device_name": "/dev/xvdj",
                            "ebs_block_device.4018178267.encrypted": "true",
                            "ebs_block_device.4018178267.iops": "100",
                            "ebs_block_device.4018178267.snapshot_id": "snap-0a0bc8b61100f2f9f",
                            "ebs_block_device.4018178267.volume_id": "vol-0922f1d640a5dcdc9",
                            "ebs_block_device.4018178267.volume_size": "15",
                            "ebs_block_device.4018178267.volume_type": "gp2",
                            "ebs_block_device.424204485.delete_on_termination": "false",
                            "ebs_block_device.424204485.device_name": "/dev/xvdf",
                            "ebs_block_device.424204485.encrypted": "true",
                            "ebs_block_device.424204485.iops": "100",
                            "ebs_block_device.424204485.snapshot_id": "snap-08b5c27f3dab58375",
                            "ebs_block_device.424204485.volume_id": "vol-087faad4596f028f3",
                            "ebs_block_device.424204485.volume_size": "20",
                            "ebs_block_device.424204485.volume_type": "gp2",
                            "ebs_block_device.818699822.delete_on_termination": "false",
                            "ebs_block_device.818699822.device_name": "/dev/xvdi",
                            "ebs_block_device.818699822.encrypted": "true",
                            "ebs_block_device.818699822.iops": "100",
                            "ebs_block_device.818699822.snapshot_id": "snap-0effd165fe65eb5be",
                            "ebs_block_device.818699822.volume_id": "vol-0c942de86e24890f6",
                            "ebs_block_device.818699822.volume_size": "10",
                            "ebs_block_device.818699822.volume_type": "gp2",
                            "ebs_optimized": "false",
                            "ephemeral_block_device.#": "0",
                            "get_password_data": "false",
                            "iam_instance_profile": "",
                            "id": "i-008bdcd511824e76a",
                            "instance_state": "running",
                            "instance_type": "t2.micro",
                            "ipv6_addresses.#": "0",
                            "key_name": "",
                            "monitoring": "false",
                            "network_interface.#": "0",
                            "password_data": "",
                            "placement_group": "",
                            "primary_network_interface_id": "eni-03b78f88c0a76c923",
                            "private_dns": "ip-10-12-65-108.eu-west-1.compute.internal",
                            "private_ip": "10.12.65.108",
                            "public_dns": "",
                            "public_ip": "",
                            "root_block_device.#": "1",
                            "root_block_device.0.delete_on_termination": "false",
                            "root_block_device.0.iops": "100",
                            "root_block_device.0.volume_id": "vol-08656e3583633b1fe",
                            "root_block_device.0.volume_size": "15",
                            "root_block_device.0.volume_type": "gp2",
                            "security_groups.#": "0",
                            "source_dest_check": "true",
                            "subnet_id": "subnet-be86bbf7",
                            "tags.%": "1",
                            "tags.Name": "loki-instance",
                            "tenancy": "default",
                            "volume_tags.%": "0",
                            "vpc_security_group_ids.#": "1",
                            "vpc_security_group_ids.3532868086": "sg-8b7ad7f6"
                        },
                        "meta": {
                            "e2bfb730-ecaa-11e6-8f88-34363bc7c4c0": {
                                "create": 600000000000,
                                "delete": 1200000000000,
                                "update": 600000000000
                            },
                            "schema_version": "1"
                        },
                        "tainted": false
                    },
                    "deposed": [],
                    "provider": "provider.aws"
                },
                "aws_lb.loki-lb": {
                    "type": "aws_lb",
                    "depends_on": [],
                    "primary": {
                        "id": "arn:aws:elasticloadbalancing:eu-west-1:919061541402:loadbalancer/app/loki-lb/904f81d2dbce1ce9",
                        "attributes": {
                            "access_logs.#": "0",
                            "arn": "arn:aws:elasticloadbalancing:eu-west-1:919061541402:loadbalancer/app/loki-lb/904f81d2dbce1ce9",
                            "arn_suffix": "app/loki-lb/904f81d2dbce1ce9",
                            "dns_name": "loki-lb-2078545251.eu-west-1.elb.amazonaws.com",
                            "enable_deletion_protection": "false",
                            "enable_http2": "true",
                            "id": "arn:aws:elasticloadbalancing:eu-west-1:919061541402:loadbalancer/app/loki-lb/904f81d2dbce1ce9",
                            "idle_timeout": "60",
                            "internal": "false",
                            "ip_address_type": "ipv4",
                            "load_balancer_type": "application",
                            "name": "loki-lb",
                            "security_groups.#": "1",
                            "security_groups.2526097298": "sg-830093f8",
                            "subnet_mapping.#": "0",
                            "subnets.#": "2",
                            "subnets.2934516428": "subnet-2687ba6f",
                            "subnets.651413815": "subnet-f29befa9",
                            "tags.%": "1",
                            "tags.Environment": "Development",
                            "vpc_id": "vpc-e7adaa80",
                            "zone_id": "Z32O12XQLNTSW2"
                        },
                        "meta": {
                            "e2bfb730-ecaa-11e6-8f88-34363bc7c4c0": {
                                "create": 600000000000,
                                "delete": 600000000000,
                                "update": 600000000000
                            }
                        },
                        "tainted": false
                    },
                    "deposed": [],
                    "provider": "provider.aws"
                }
            },
            "depends_on": []
        }
    ]
}
